
Microsoft Visual Studio Solution File, Format Version 12.00
# Visual Studio Version 17
VisualStudioVersion = 17.3.32825.248
MinimumVisualStudioVersion = 10.0.40219.1
Project("{FAE04EC0-301F-11D3-BF4B-00C04F79EFBC}") = "App.DAL", "App.DAL\App.DAL.csproj", "{81BB4792-61FA-41B9-8B6C-50A61B280C86}"
EndProject
Project("{FAE04EC0-301F-11D3-BF4B-00C04F79EFBC}") = "App.BLL", "App.BLL\App.BLL.csproj", "{D262B87A-D206-4022-BB78-9882E2863796}"
EndProject
Project("{FAE04EC0-301F-11D3-BF4B-00C04F79EFBC}") = "App1.PL", "App1.PL\App1.PL.csproj", "{53D3BA8B-1732-48A1-A7E9-E758AF31B850}"
EndProject
Global
	GlobalSection(SolutionConfigurationPlatforms) = preSolution
		Debug|Any CPU = Debug|Any CPU
		Release|Any CPU = Release|Any CPU
	EndGlobalSection
	GlobalSection(ProjectConfigurationPlatforms) = postSolution
		{81BB4792-61FA-41B9-8B6C-50A61B280C86}.Debug|Any CPU.ActiveCfg = Debug|Any CPU
		{81BB4792-61FA-41B9-8B6C-50A61B280C86}.Debug|Any CPU.Build.0 = Debug|Any CPU
		{81BB4792-61FA-41B9-8B6C-50A61B280C86}.Release|Any CPU.ActiveCfg = Release|Any CPU
		{81BB4792-61FA-41B9-8B6C-50A61B280C86}.Release|Any CPU.Build.0 = Release|Any CPU
		{D262B87A-D206-4022-BB78-9882E2863796}.Debug|Any CPU.ActiveCfg = Debug|Any CPU
		{D262B87A-D206-4022-BB78-9882E2863796}.Debug|Any CPU.Build.0 = Debug|Any CPU
		{D262B87A-D206-4022-BB78-9882E2863796}.Release|Any CPU.ActiveCfg = Release|Any CPU
		{D262B87A-D206-4022-BB78-9882E2863796}.Release|Any CPU.Build.0 = Release|Any CPU
		{53D3BA8B-1732-48A1-A7E9-E758AF31B850}.Debug|Any CPU.ActiveCfg = Debug|Any CPU
		{53D3BA8B-1732-48A1-A7E9-E758AF31B850}.Debug|Any CPU.Build.0 = Debug|Any CPU
		{53D3BA8B-1732-48A1-A7E9-E758AF31B850}.Release|Any CPU.ActiveCfg = Release|Any CPU
		{53D3BA8B-1732-48A1-A7E9-E758AF31B850}.Release|Any CPU.Build.0 = Release|Any CPU
	EndGlobalSection
	GlobalSection(SolutionProperties) = preSolution
		HideSolutionNode = FALSE
	EndGlobalSection
	GlobalSection(ExtensibilityGlobals) = postSolution
		SolutionGuid = {A80D568C-FAA5-45FE-932D-69BFDFF4BD08}
	EndGlobalSection
EndGlobal
